
Microsoft Visual Studio Solution File, Format Version 12.00
# Visual Studio Version 17
VisualStudioVersion = 17.0.31912.275
MinimumVisualStudioVersion = 10.0.40219.1
Project("{2150E333-8FDC-42A3-9474-1A3956D46DE8}") = "0 - Web Services", "0 - Web Services", "{85A36BEE-FF0D-4EB0-AFE1-3B5B81C3F814}"
EndProject
Project("{2150E333-8FDC-42A3-9474-1A3956D46DE8}") = "1 - Application Layer", "1 - Application Layer", "{634214B2-37CD-407F-913F-D43D6265F3FD}"
EndProject
Project("{2150E333-8FDC-42A3-9474-1A3956D46DE8}") = "2 - Domain Layer", "2 - Domain Layer", "{0E7FC9E7-FEA9-4741-B9F7-8D0C85820BCE}"
EndProject
Project("{2150E333-8FDC-42A3-9474-1A3956D46DE8}") = "3 - Infrastructure Layer", "3 - Infrastructure Layer", "{C6A283F5-B7B0-4177-ABE6-4C7D0418BFC1}"
EndProject
Project("{2150E333-8FDC-42A3-9474-1A3956D46DE8}") = "4 - Cross-Cutting Layer", "4 - Cross-Cutting Layer", "{E38EA358-01B1-408D-9FCB-57BD3F528F5F}"
EndProject
Project("{FAE04EC0-301F-11D3-BF4B-00C04F79EFBC}") = "ETF.Meido.WebApi", "ETF.Meido.WebApi\ETF.Meido.WebApi.csproj", "{7E7644B0-7FB4-4EC0-AE52-6B25E79D8161}"
EndProject
Global
	GlobalSection(SolutionConfigurationPlatforms) = preSolution
		Debug|Any CPU = Debug|Any CPU
		Release|Any CPU = Release|Any CPU
	EndGlobalSection
	GlobalSection(ProjectConfigurationPlatforms) = postSolution
		{7E7644B0-7FB4-4EC0-AE52-6B25E79D8161}.Debug|Any CPU.ActiveCfg = Debug|Any CPU
		{7E7644B0-7FB4-4EC0-AE52-6B25E79D8161}.Debug|Any CPU.Build.0 = Debug|Any CPU
		{7E7644B0-7FB4-4EC0-AE52-6B25E79D8161}.Release|Any CPU.ActiveCfg = Release|Any CPU
		{7E7644B0-7FB4-4EC0-AE52-6B25E79D8161}.Release|Any CPU.Build.0 = Release|Any CPU
	EndGlobalSection
	GlobalSection(SolutionProperties) = preSolution
		HideSolutionNode = FALSE
	EndGlobalSection
	GlobalSection(NestedProjects) = preSolution
		{7E7644B0-7FB4-4EC0-AE52-6B25E79D8161} = {85A36BEE-FF0D-4EB0-AFE1-3B5B81C3F814}
	EndGlobalSection
	GlobalSection(ExtensibilityGlobals) = postSolution
		SolutionGuid = {9A8827B2-0973-408D-BA5F-F15D6430511A}
	EndGlobalSection
EndGlobal
